
Microsoft Visual Studio Solution File, Format Version 11.00
# Visual Studio 2010
Project("{FAE04EC0-301F-11D3-BF4B-00C04F79EFBC}") = "MvcApplication1", "MvcApplication1\MvcApplication1.csproj", "{E3D862D1-4A26-4FA9-BFF2-FA1985671BCA}"
EndProject
Global
	GlobalSection(SolutionConfigurationPlatforms) = preSolution
		Debug|Any CPU = Debug|Any CPU
		Release|Any CPU = Release|Any CPU
	EndGlobalSection
	GlobalSection(ProjectConfigurationPlatforms) = postSolution
		{E3D862D1-4A26-4FA9-BFF2-FA1985671BCA}.Debug|Any CPU.ActiveCfg = Debug|Any CPU
		{E3D862D1-4A26-4FA9-BFF2-FA1985671BCA}.Debug|Any CPU.Build.0 = Debug|Any CPU
		{E3D862D1-4A26-4FA9-BFF2-FA1985671BCA}.Release|Any CPU.ActiveCfg = Release|Any CPU
		{E3D862D1-4A26-4FA9-BFF2-FA1985671BCA}.Release|Any CPU.Build.0 = Release|Any CPU
	EndGlobalSection
	GlobalSection(SolutionProperties) = preSolution
		HideSolutionNode = FALSE
	EndGlobalSection
EndGlobal
